
Microsoft Visual Studio Solution File, Format Version 12.00
# Visual Studio Version 17
VisualStudioVersion = 17.0.31717.71
MinimumVisualStudioVersion = 10.0.40219.1
Project("{8BC9CEB8-8B4A-11D0-8D11-00A0C91BC942}") = "Bauernhof", "Bauernhof\Bauernhof.vcxproj", "{69EEB1A9-46C3-4BCB-951A-3451046AD0D4}"
EndProject
Project("{8BC9CEB8-8B4A-11D0-8D11-00A0C91BC942}") = "Personendaten", "Personendaten\Personendaten.vcxproj", "{17753042-220E-4F1A-AAAA-D51CC0E967A0}"
EndProject
Project("{8BC9CEB8-8B4A-11D0-8D11-00A0C91BC942}") = "Datentypen", "Datentypen\Datentypen.vcxproj", "{82AD1F2D-7679-4A5B-A583-AB6D6C78B6D1}"
EndProject
Project("{8BC9CEB8-8B4A-11D0-8D11-00A0C91BC942}") = "Temperatur", "Temperatur\Temperatur.vcxproj", "{4DAC1A32-C88E-4073-B160-71D269E29459}"
EndProject
Project("{8BC9CEB8-8B4A-11D0-8D11-00A0C91BC942}") = "AufgabeSkript1_1_10", "AufgabeSkript1_1_10\AufgabeSkript1_1_10.vcxproj", "{DFBE8A7D-C0BE-41A7-A565-13D6119EB076}"
EndProject
Project("{8BC9CEB8-8B4A-11D0-8D11-00A0C91BC942}") = "AufgabeSkript1_2_7", "AufgabeSkript1_2_7\AufgabeSkript1_2_7.vcxproj", "{B23629B8-84E6-4F63-A615-B202A5E531D6}"
EndProject
Project("{8BC9CEB8-8B4A-11D0-8D11-00A0C91BC942}") = "QuadrierenUndFläche", "QuadrierenUndFläche\QuadrierenUndFläche.vcxproj", "{61111CE7-A2C6-464C-846D-DB7932B7C23A}"
EndProject
Project("{8BC9CEB8-8B4A-11D0-8D11-00A0C91BC942}") = "Einmaleins", "Einmaleins\Einmaleins.vcxproj", "{BB4E3E51-6A61-4F8B-9755-603AB056723C}"
EndProject
Project("{8BC9CEB8-8B4A-11D0-8D11-00A0C91BC942}") = "Zahlenraten", "Zahlenraten\Zahlenraten.vcxproj", "{206FE5B5-D0F4-4455-BF55-311F4C316C35}"
EndProject
Project("{8BC9CEB8-8B4A-11D0-8D11-00A0C91BC942}") = "Taschenrechner", "Taschenrechner\Taschenrechner.vcxproj", "{0DD826B7-224A-473B-BB28-67D8259CFC58}"
EndProject
Project("{8BC9CEB8-8B4A-11D0-8D11-00A0C91BC942}") = "ContinueAnweisung", "ContinueAnweisung\ContinueAnweisung.vcxproj", "{67557845-D583-4097-8C2D-58ABBCE40E3D}"
EndProject
Project("{8BC9CEB8-8B4A-11D0-8D11-00A0C91BC942}") = "Kontrollfrage1_1_9", "Kontrollfrage1_1_9\Kontrollfrage1_1_9.vcxproj", "{4A741882-6B0F-4D96-B066-FD879D0A4D6A}"
EndProject
Project("{8BC9CEB8-8B4A-11D0-8D11-00A0C91BC942}") = "AufgabeSkript1_3_4", "AufgabeSkript1_3_4\AufgabeSkript1_3_4.vcxproj", "{AD0F5998-80FD-4BAF-82D1-35348D8712AF}"
EndProject
Project("{8BC9CEB8-8B4A-11D0-8D11-00A0C91BC942}") = "Kontrollfrage1_2_3", "Kontrollfrage1_2_3\Kontrollfrage1_2_3.vcxproj", "{634DF7F4-B6C1-48C7-82F6-9C4CC772ED40}"
EndProject
Project("{8BC9CEB8-8B4A-11D0-8D11-00A0C91BC942}") = "Kontrollfrage1_2_6", "Kontrollfrage1_2_6\Kontrollfrage1_2_6.vcxproj", "{5B355CCB-7F88-406E-8BF6-B88ED6622CB1}"
EndProject
Project("{8BC9CEB8-8B4A-11D0-8D11-00A0C91BC942}") = "Kontrollfrage1_3_3", "Kontrollfrage1_3_3\Kontrollfrage1_3_3.vcxproj", "{4BFD970C-F26D-43E9-9231-C442EED84629}"
EndProject
Project("{8BC9CEB8-8B4A-11D0-8D11-00A0C91BC942}") = "Kontrollfrage1_3_5", "Kontrollfrage1_3_5\Kontrollfrage1_3_5.vcxproj", "{10EB120F-61F5-47B9-AC24-B1BCBBB5C7C6}"
EndProject
Project("{8BC9CEB8-8B4A-11D0-8D11-00A0C91BC942}") = "Sortieren", "Sortieren\Sortieren.vcxproj", "{642E1C34-DA0B-4E39-BCED-077E4868EE4E}"
EndProject
Project("{8BC9CEB8-8B4A-11D0-8D11-00A0C91BC942}") = "TemperaturDaten", "TemperaturDaten\TemperaturDaten.vcxproj", "{24666558-8ED5-47CF-89D5-02EBF97FD167}"
EndProject
Project("{8BC9CEB8-8B4A-11D0-8D11-00A0C91BC942}") = "Einkaufsliste", "Einkaufsliste\Einkaufsliste.vcxproj", "{D63B4440-9FD5-47C0-ADF9-2B41379660A0}"
EndProject
Project("{8BC9CEB8-8B4A-11D0-8D11-00A0C91BC942}") = "Artikel", "Artikel\Artikel.vcxproj", "{06A2FF23-EA47-4A86-85C2-D5B59013E530}"
EndProject
Project("{8BC9CEB8-8B4A-11D0-8D11-00A0C91BC942}") = "Personenverwaltung", "Personenverwaltung\Personenverwaltung.vcxproj", "{3124B14B-AD2F-48C8-874E-81F1C45D088E}"
EndProject
Project("{8BC9CEB8-8B4A-11D0-8D11-00A0C91BC942}") = "GegenseitigeBeurteilung", "GegenseitigeBeurteilung\GegenseitigeBeurteilung.vcxproj", "{83958520-DC09-450D-AA09-E5CB59C01FD7}"
EndProject
Project("{8BC9CEB8-8B4A-11D0-8D11-00A0C91BC942}") = "AufgabeSkript1_8_6", "AufgabeSkript1_8_6\AufgabeSkript1_8_6.vcxproj", "{EE064A66-7C31-46FD-BB87-F800609EE049}"
EndProject
Project("{8BC9CEB8-8B4A-11D0-8D11-00A0C91BC942}") = "AufgabeSkript1_9_6", "AufgabeSkript1_9_6\AufgabeSkript1_9_6.vcxproj", "{BC3D09C7-745C-49EB-B913-46C76A3F21ED}"
EndProject
Project("{8BC9CEB8-8B4A-11D0-8D11-00A0C91BC942}") = "Auto", "Auto\Auto.vcxproj", "{3E375F1F-AC2F-49F4-9C46-660A4563E8A2}"
EndProject
Project("{8BC9CEB8-8B4A-11D0-8D11-00A0C91BC942}") = "Bibliothek", "Bibliothek\Bibliothek.vcxproj", "{A8CD71B8-36E8-46AE-BA1F-2BCA2B5F7CB9}"
EndProject
Project("{8BC9CEB8-8B4A-11D0-8D11-00A0C91BC942}") = "Tierverwaltung", "Tierverwaltung\Tierverwaltung.vcxproj", "{8BB4F09F-CDDF-406B-A00B-06FD02EDB6E9}"
EndProject
Project("{8BC9CEB8-8B4A-11D0-8D11-00A0C91BC942}") = "Kraftfahrzeug", "Kraftfahrzeug\Kraftfahrzeug.vcxproj", "{D2ACE557-D797-490B-8EB5-216C03601B23}"
EndProject
Project("{8BC9CEB8-8B4A-11D0-8D11-00A0C91BC942}") = "Mitarbeiterverwaltung", "Mitarbeiterverwaltung\Mitarbeiterverwaltung.vcxproj", "{E0FDAA35-B0DE-4892-A749-382363AB3E55}"
EndProject
Project("{8BC9CEB8-8B4A-11D0-8D11-00A0C91BC942}") = "Übung2_1_1", "Übung2_1_1\Übung2_1_1.vcxproj", "{5515A8E6-14B0-47CA-84F9-43C193A82A64}"
EndProject
Project("{8BC9CEB8-8B4A-11D0-8D11-00A0C91BC942}") = "Übung2_1_2", "Übung2_1_2\Übung2_1_2.vcxproj", "{B279E036-54CA-48AC-AC1C-D3ABCA8F87C1}"
EndProject
Project("{8BC9CEB8-8B4A-11D0-8D11-00A0C91BC942}") = "Übung2_1_3", "Übung2_1_3\Übung2_1_3.vcxproj", "{984202F0-1C31-4CC4-ABBE-119BC0A68F17}"
EndProject
Project("{8BC9CEB8-8B4A-11D0-8D11-00A0C91BC942}") = "Übung2_1_4", "Übung2_1_4\Übung2_1_4.vcxproj", "{6E18AB41-0516-44D7-86DC-235C6082F4AF}"
EndProject
Project("{8BC9CEB8-8B4A-11D0-8D11-00A0C91BC942}") = "Übung2_1_5", "Übung2_1_5\Übung2_1_5.vcxproj", "{F6870310-439E-47FC-9D07-288203826AE6}"
EndProject
Project("{8BC9CEB8-8B4A-11D0-8D11-00A0C91BC942}") = "Übung2_1_6", "Übung2_1_6\Übung2_1_6.vcxproj", "{A5203F35-BAA2-4AB4-A538-931CABC98D4B}"
EndProject
Project("{8BC9CEB8-8B4A-11D0-8D11-00A0C91BC942}") = "Übung2_2_1", "Übung2_2_1\Übung2_2_1.vcxproj", "{7DB5F6EA-F1A2-4497-927C-C048B885157B}"
EndProject
Project("{8BC9CEB8-8B4A-11D0-8D11-00A0C91BC942}") = "Übung2_2_2", "Übung2_2_2\Übung2_2_2.vcxproj", "{1421AE3A-4E77-4842-A4AB-D2569EFA3978}"
EndProject
Project("{8BC9CEB8-8B4A-11D0-8D11-00A0C91BC942}") = "Übung2_2_3", "Übung2_2_3\Übung2_2_3.vcxproj", "{00BFA17F-D311-4028-83C8-30C79542223F}"
EndProject
Project("{8BC9CEB8-8B4A-11D0-8D11-00A0C91BC942}") = "Übung2_2_4", "Übung2_2_4\Übung2_2_4.vcxproj", "{E2F34746-E708-415C-957A-5CDCEF8FA214}"
EndProject
Project("{8BC9CEB8-8B4A-11D0-8D11-00A0C91BC942}") = "Übung2_2_5", "Übung2_2_5\Übung2_2_5.vcxproj", "{84ED8AEB-A4BA-4B61-994F-1B7EAB8E272C}"
EndProject
Project("{8BC9CEB8-8B4A-11D0-8D11-00A0C91BC942}") = "Übung2_2_6", "Übung2_2_6\Übung2_2_6.vcxproj", "{10A5CC0D-0602-4A8B-902F-DA07FBB3D7D4}"
EndProject
Project("{8BC9CEB8-8B4A-11D0-8D11-00A0C91BC942}") = "Übung2_4_1", "Übung2_4_1\Übung2_4_1.vcxproj", "{6C194F58-6872-4E33-A7C8-F9BE09869EBC}"
EndProject
Project("{8BC9CEB8-8B4A-11D0-8D11-00A0C91BC942}") = "Übung2_4_2", "Übung2_4_2\Übung2_4_2.vcxproj", "{693CECD4-80E3-4F7A-8188-E415D5A0F7F3}"
EndProject
Project("{8BC9CEB8-8B4A-11D0-8D11-00A0C91BC942}") = "Übung2_4_3", "Übung2_4_3\Übung2_4_3.vcxproj", "{88FC1166-1CB9-47F2-A730-E54171B80E39}"
EndProject
Project("{8BC9CEB8-8B4A-11D0-8D11-00A0C91BC942}") = "Übung2_4_4", "Übung2_4_4\Übung2_4_4.vcxproj", "{629D84B3-A6B9-46F2-95F1-0962B7EC1E7E}"
EndProject
Project("{8BC9CEB8-8B4A-11D0-8D11-00A0C91BC942}") = "Übung2_5_1", "Übung2_5_1\Übung2_5_1.vcxproj", "{0B5A5F62-6798-43C9-9CF9-28CC9781227F}"
EndProject
Project("{8BC9CEB8-8B4A-11D0-8D11-00A0C91BC942}") = "Übung2_5_2", "Übung2_5_2\Übung2_5_2.vcxproj", "{ED6E0FCF-24DC-464C-9572-24C76618A024}"
EndProject
Project("{8BC9CEB8-8B4A-11D0-8D11-00A0C91BC942}") = "Übung2_5_3", "Übung2_5_3\Übung2_5_3.vcxproj", "{51291E6C-5884-412A-AC9A-19FF37626B5A}"
EndProject
Project("{8BC9CEB8-8B4A-11D0-8D11-00A0C91BC942}") = "Übung2_6_1", "Übung2_6_1\Übung2_6_1.vcxproj", "{F193B0FE-0008-40D6-9C81-0F29E47AF7EF}"
EndProject
Project("{8BC9CEB8-8B4A-11D0-8D11-00A0C91BC942}") = "Übung2_6_2", "Übung2_6_2\Übung2_6_2.vcxproj", "{A048F6AE-0DB8-4E40-96EE-D587C2DF3FF3}"
EndProject
Project("{8BC9CEB8-8B4A-11D0-8D11-00A0C91BC942}") = "Übung2_6_3", "Übung2_6_3\Übung2_6_3.vcxproj", "{1172AAE2-A12E-4267-813C-FB157ECC5986}"
EndProject
Project("{8BC9CEB8-8B4A-11D0-8D11-00A0C91BC942}") = "Übung2_6_4", "Übung2_6_4\Übung2_6_4.vcxproj", "{8FF930E1-6D19-4906-B78A-CE2BAE43FF43}"
EndProject
Project("{8BC9CEB8-8B4A-11D0-8D11-00A0C91BC942}") = "Übung2_7_1", "Übung2_7_1\Übung2_7_1.vcxproj", "{67DC9180-1DE3-43A0-9037-948D6229EDD7}"
EndProject
Project("{8BC9CEB8-8B4A-11D0-8D11-00A0C91BC942}") = "Übung2_7_2", "Übung2_7_2\Übung2_7_2.vcxproj", "{26A50107-13A2-4870-946A-9CBD8B970907}"
EndProject
Project("{8BC9CEB8-8B4A-11D0-8D11-00A0C91BC942}") = "Übung2_7_3", "Übung2_7_3\Übung2_7_3.vcxproj", "{43FA46E7-0514-4CBD-975B-ACB60AC7AD10}"
EndProject
Project("{8BC9CEB8-8B4A-11D0-8D11-00A0C91BC942}") = "Übung2_7_4", "Übung2_7_4\Übung2_7_4.vcxproj", "{5036EEAB-0422-4977-B2CE-9B57767C1174}"
EndProject
Project("{8BC9CEB8-8B4A-11D0-8D11-00A0C91BC942}") = "Übung2_8_1", "Übung2_8_1\Übung2_8_1.vcxproj", "{D26CADD4-0BF5-4F94-AA13-2F31F3DC6C09}"
EndProject
Project("{8BC9CEB8-8B4A-11D0-8D11-00A0C91BC942}") = "Übung2_8_2", "Übung2_8_2\Übung2_8_2.vcxproj", "{EC09816F-DB44-47F3-ABC1-7652A1DB67D2}"
EndProject
Project("{8BC9CEB8-8B4A-11D0-8D11-00A0C91BC942}") = "Übung2_8_3", "Übung2_8_3\Übung2_8_3.vcxproj", "{80632752-53ED-455F-9574-B5AF099B1057}"
EndProject
Project("{8BC9CEB8-8B4A-11D0-8D11-00A0C91BC942}") = "Übung2_8_4", "Übung2_8_4\Übung2_8_4.vcxproj", "{1659CD0D-23BC-4670-80E1-603FA324E387}"
EndProject
Project("{8BC9CEB8-8B4A-11D0-8D11-00A0C91BC942}") = "Übung2_8_5", "Übung2_8_5\Übung2_8_5.vcxproj", "{77956429-F82C-4685-950A-D8838C1968A8}"
EndProject
Project("{8BC9CEB8-8B4A-11D0-8D11-00A0C91BC942}") = "ErweiterteEinkaufsliste", "ErweiterteEinkaufsliste\ErweiterteEinkaufsliste.vcxproj", "{8A04B8F0-6DFA-4EFE-87E2-D5F4B079C603}"
EndProject
Project("{8BC9CEB8-8B4A-11D0-8D11-00A0C91BC942}") = "Motorradvermietung", "Motorradvermietung\Motorradvermietung.vcxproj", "{FCAEDF50-D3A8-4FF5-8572-C04FB9C16B17}"
EndProject
Global
	GlobalSection(SolutionConfigurationPlatforms) = preSolution
		Debug|x64 = Debug|x64
		Debug|x86 = Debug|x86
		Release|x64 = Release|x64
		Release|x86 = Release|x86
	EndGlobalSection
	GlobalSection(ProjectConfigurationPlatforms) = postSolution
		{69EEB1A9-46C3-4BCB-951A-3451046AD0D4}.Debug|x64.ActiveCfg = Debug|x64
		{69EEB1A9-46C3-4BCB-951A-3451046AD0D4}.Debug|x64.Build.0 = Debug|x64
		{69EEB1A9-46C3-4BCB-951A-3451046AD0D4}.Debug|x86.ActiveCfg = Debug|Win32
		{69EEB1A9-46C3-4BCB-951A-3451046AD0D4}.Debug|x86.Build.0 = Debug|Win32
		{69EEB1A9-46C3-4BCB-951A-3451046AD0D4}.Release|x64.ActiveCfg = Release|x64
		{69EEB1A9-46C3-4BCB-951A-3451046AD0D4}.Release|x64.Build.0 = Release|x64
		{69EEB1A9-46C3-4BCB-951A-3451046AD0D4}.Release|x86.ActiveCfg = Release|Win32
		{69EEB1A9-46C3-4BCB-951A-3451046AD0D4}.Release|x86.Build.0 = Release|Win32
		{17753042-220E-4F1A-AAAA-D51CC0E967A0}.Debug|x64.ActiveCfg = Debug|x64
		{17753042-220E-4F1A-AAAA-D51CC0E967A0}.Debug|x64.Build.0 = Debug|x64
		{17753042-220E-4F1A-AAAA-D51CC0E967A0}.Debug|x86.ActiveCfg = Debug|Win32
		{17753042-220E-4F1A-AAAA-D51CC0E967A0}.Debug|x86.Build.0 = Debug|Win32
		{17753042-220E-4F1A-AAAA-D51CC0E967A0}.Release|x64.ActiveCfg = Release|x64
		{17753042-220E-4F1A-AAAA-D51CC0E967A0}.Release|x64.Build.0 = Release|x64
		{17753042-220E-4F1A-AAAA-D51CC0E967A0}.Release|x86.ActiveCfg = Release|Win32
		{17753042-220E-4F1A-AAAA-D51CC0E967A0}.Release|x86.Build.0 = Release|Win32
		{82AD1F2D-7679-4A5B-A583-AB6D6C78B6D1}.Debug|x64.ActiveCfg = Debug|x64
		{82AD1F2D-7679-4A5B-A583-AB6D6C78B6D1}.Debug|x64.Build.0 = Debug|x64
		{82AD1F2D-7679-4A5B-A583-AB6D6C78B6D1}.Debug|x86.ActiveCfg = Debug|Win32
		{82AD1F2D-7679-4A5B-A583-AB6D6C78B6D1}.Debug|x86.Build.0 = Debug|Win32
		{82AD1F2D-7679-4A5B-A583-AB6D6C78B6D1}.Release|x64.ActiveCfg = Release|x64
		{82AD1F2D-7679-4A5B-A583-AB6D6C78B6D1}.Release|x64.Build.0 = Release|x64
		{82AD1F2D-7679-4A5B-A583-AB6D6C78B6D1}.Release|x86.ActiveCfg = Release|Win32
		{82AD1F2D-7679-4A5B-A583-AB6D6C78B6D1}.Release|x86.Build.0 = Release|Win32
		{4DAC1A32-C88E-4073-B160-71D269E29459}.Debug|x64.ActiveCfg = Debug|x64
		{4DAC1A32-C88E-4073-B160-71D269E29459}.Debug|x64.Build.0 = Debug|x64
		{4DAC1A32-C88E-4073-B160-71D269E29459}.Debug|x86.ActiveCfg = Debug|Win32
		{4DAC1A32-C88E-4073-B160-71D269E29459}.Debug|x86.Build.0 = Debug|Win32
		{4DAC1A32-C88E-4073-B160-71D269E29459}.Release|x64.ActiveCfg = Release|x64
		{4DAC1A32-C88E-4073-B160-71D269E29459}.Release|x64.Build.0 = Release|x64
		{4DAC1A32-C88E-4073-B160-71D269E29459}.Release|x86.ActiveCfg = Release|Win32
		{4DAC1A32-C88E-4073-B160-71D269E29459}.Release|x86.Build.0 = Release|Win32
		{DFBE8A7D-C0BE-41A7-A565-13D6119EB076}.Debug|x64.ActiveCfg = Debug|x64
		{DFBE8A7D-C0BE-41A7-A565-13D6119EB076}.Debug|x64.Build.0 = Debug|x64
		{DFBE8A7D-C0BE-41A7-A565-13D6119EB076}.Debug|x86.ActiveCfg = Debug|Win32
		{DFBE8A7D-C0BE-41A7-A565-13D6119EB076}.Debug|x86.Build.0 = Debug|Win32
		{DFBE8A7D-C0BE-41A7-A565-13D6119EB076}.Release|x64.ActiveCfg = Release|x64
		{DFBE8A7D-C0BE-41A7-A565-13D6119EB076}.Release|x64.Build.0 = Release|x64
		{DFBE8A7D-C0BE-41A7-A565-13D6119EB076}.Release|x86.ActiveCfg = Release|Win32
		{DFBE8A7D-C0BE-41A7-A565-13D6119EB076}.Release|x86.Build.0 = Release|Win32
		{B23629B8-84E6-4F63-A615-B202A5E531D6}.Debug|x64.ActiveCfg = Debug|x64
		{B23629B8-84E6-4F63-A615-B202A5E531D6}.Debug|x64.Build.0 = Debug|x64
		{B23629B8-84E6-4F63-A615-B202A5E531D6}.Debug|x86.ActiveCfg = Debug|Win32
		{B23629B8-84E6-4F63-A615-B202A5E531D6}.Debug|x86.Build.0 = Debug|Win32
		{B23629B8-84E6-4F63-A615-B202A5E531D6}.Release|x64.ActiveCfg = Release|x64
		{B23629B8-84E6-4F63-A615-B202A5E531D6}.Release|x64.Build.0 = Release|x64
		{B23629B8-84E6-4F63-A615-B202A5E531D6}.Release|x86.ActiveCfg = Release|Win32
		{B23629B8-84E6-4F63-A615-B202A5E531D6}.Release|x86.Build.0 = Release|Win32
		{61111CE7-A2C6-464C-846D-DB7932B7C23A}.Debug|x64.ActiveCfg = Debug|x64
		{61111CE7-A2C6-464C-846D-DB7932B7C23A}.Debug|x64.Build.0 = Debug|x64
		{61111CE7-A2C6-464C-846D-DB7932B7C23A}.Debug|x86.ActiveCfg = Debug|Win32
		{61111CE7-A2C6-464C-846D-DB7932B7C23A}.Debug|x86.Build.0 = Debug|Win32
		{61111CE7-A2C6-464C-846D-DB7932B7C23A}.Release|x64.ActiveCfg = Release|x64
		{61111CE7-A2C6-464C-846D-DB7932B7C23A}.Release|x64.Build.0 = Release|x64
		{61111CE7-A2C6-464C-846D-DB7932B7C23A}.Release|x86.ActiveCfg = Release|Win32
		{61111CE7-A2C6-464C-846D-DB7932B7C23A}.Release|x86.Build.0 = Release|Win32
		{BB4E3E51-6A61-4F8B-9755-603AB056723C}.Debug|x64.ActiveCfg = Debug|x64
		{BB4E3E51-6A61-4F8B-9755-603AB056723C}.Debug|x64.Build.0 = Debug|x64
		{BB4E3E51-6A61-4F8B-9755-603AB056723C}.Debug|x86.ActiveCfg = Debug|Win32
		{BB4E3E51-6A61-4F8B-9755-603AB056723C}.Debug|x86.Build.0 = Debug|Win32
		{BB4E3E51-6A61-4F8B-9755-603AB056723C}.Release|x64.ActiveCfg = Release|x64
		{BB4E3E51-6A61-4F8B-9755-603AB056723C}.Release|x64.Build.0 = Release|x64
		{BB4E3E51-6A61-4F8B-9755-603AB056723C}.Release|x86.ActiveCfg = Release|Win32
		{BB4E3E51-6A61-4F8B-9755-603AB056723C}.Release|x86.Build.0 = Release|Win32
		{206FE5B5-D0F4-4455-BF55-311F4C316C35}.Debug|x64.ActiveCfg = Debug|x64
		{206FE5B5-D0F4-4455-BF55-311F4C316C35}.Debug|x64.Build.0 = Debug|x64
		{206FE5B5-D0F4-4455-BF55-311F4C316C35}.Debug|x86.ActiveCfg = Debug|Win32
		{206FE5B5-D0F4-4455-BF55-311F4C316C35}.Debug|x86.Build.0 = Debug|Win32
		{206FE5B5-D0F4-4455-BF55-311F4C316C35}.Release|x64.ActiveCfg = Release|x64
		{206FE5B5-D0F4-4455-BF55-311F4C316C35}.Release|x64.Build.0 = Release|x64
		{206FE5B5-D0F4-4455-BF55-311F4C316C35}.Release|x86.ActiveCfg = Release|Win32
		{206FE5B5-D0F4-4455-BF55-311F4C316C35}.Release|x86.Build.0 = Release|Win32
		{0DD826B7-224A-473B-BB28-67D8259CFC58}.Debug|x64.ActiveCfg = Debug|x64
		{0DD826B7-224A-473B-BB28-67D8259CFC58}.Debug|x64.Build.0 = Debug|x64
		{0DD826B7-224A-473B-BB28-67D8259CFC58}.Debug|x86.ActiveCfg = Debug|Win32
		{0DD826B7-224A-473B-BB28-67D8259CFC58}.Debug|x86.Build.0 = Debug|Win32
		{0DD826B7-224A-473B-BB28-67D8259CFC58}.Release|x64.ActiveCfg = Release|x64
		{0DD826B7-224A-473B-BB28-67D8259CFC58}.Release|x64.Build.0 = Release|x64
		{0DD826B7-224A-473B-BB28-67D8259CFC58}.Release|x86.ActiveCfg = Release|Win32
		{0DD826B7-224A-473B-BB28-67D8259CFC58}.Release|x86.Build.0 = Release|Win32
		{67557845-D583-4097-8C2D-58ABBCE40E3D}.Debug|x64.ActiveCfg = Debug|x64
		{67557845-D583-4097-8C2D-58ABBCE40E3D}.Debug|x64.Build.0 = Debug|x64
		{67557845-D583-4097-8C2D-58ABBCE40E3D}.Debug|x86.ActiveCfg = Debug|Win32
		{67557845-D583-4097-8C2D-58ABBCE40E3D}.Debug|x86.Build.0 = Debug|Win32
		{67557845-D583-4097-8C2D-58ABBCE40E3D}.Release|x64.ActiveCfg = Release|x64
		{67557845-D583-4097-8C2D-58ABBCE40E3D}.Release|x64.Build.0 = Release|x64
		{67557845-D583-4097-8C2D-58ABBCE40E3D}.Release|x86.ActiveCfg = Release|Win32
		{67557845-D583-4097-8C2D-58ABBCE40E3D}.Release|x86.Build.0 = Release|Win32
		{4A741882-6B0F-4D96-B066-FD879D0A4D6A}.Debug|x64.ActiveCfg = Debug|x64
		{4A741882-6B0F-4D96-B066-FD879D0A4D6A}.Debug|x64.Build.0 = Debug|x64
		{4A741882-6B0F-4D96-B066-FD879D0A4D6A}.Debug|x86.ActiveCfg = Debug|Win32
		{4A741882-6B0F-4D96-B066-FD879D0A4D6A}.Debug|x86.Build.0 = Debug|Win32
		{4A741882-6B0F-4D96-B066-FD879D0A4D6A}.Release|x64.ActiveCfg = Release|x64
		{4A741882-6B0F-4D96-B066-FD879D0A4D6A}.Release|x64.Build.0 = Release|x64
		{4A741882-6B0F-4D96-B066-FD879D0A4D6A}.Release|x86.ActiveCfg = Release|Win32
		{4A741882-6B0F-4D96-B066-FD879D0A4D6A}.Release|x86.Build.0 = Release|Win32
		{AD0F5998-80FD-4BAF-82D1-35348D8712AF}.Debug|x64.ActiveCfg = Debug|x64
		{AD0F5998-80FD-4BAF-82D1-35348D8712AF}.Debug|x64.Build.0 = Debug|x64
		{AD0F5998-80FD-4BAF-82D1-35348D8712AF}.Debug|x86.ActiveCfg = Debug|Win32
		{AD0F5998-80FD-4BAF-82D1-35348D8712AF}.Debug|x86.Build.0 = Debug|Win32
		{AD0F5998-80FD-4BAF-82D1-35348D8712AF}.Release|x64.ActiveCfg = Release|x64
		{AD0F5998-80FD-4BAF-82D1-35348D8712AF}.Release|x64.Build.0 = Release|x64
		{AD0F5998-80FD-4BAF-82D1-35348D8712AF}.Release|x86.ActiveCfg = Release|Win32
		{AD0F5998-80FD-4BAF-82D1-35348D8712AF}.Release|x86.Build.0 = Release|Win32
		{634DF7F4-B6C1-48C7-82F6-9C4CC772ED40}.Debug|x64.ActiveCfg = Debug|x64
		{634DF7F4-B6C1-48C7-82F6-9C4CC772ED40}.Debug|x64.Build.0 = Debug|x64
		{634DF7F4-B6C1-48C7-82F6-9C4CC772ED40}.Debug|x86.ActiveCfg = Debug|Win32
		{634DF7F4-B6C1-48C7-82F6-9C4CC772ED40}.Debug|x86.Build.0 = Debug|Win32
		{634DF7F4-B6C1-48C7-82F6-9C4CC772ED40}.Release|x64.ActiveCfg = Release|x64
		{634DF7F4-B6C1-48C7-82F6-9C4CC772ED40}.Release|x64.Build.0 = Release|x64
		{634DF7F4-B6C1-48C7-82F6-9C4CC772ED40}.Release|x86.ActiveCfg = Release|Win32
		{634DF7F4-B6C1-48C7-82F6-9C4CC772ED40}.Release|x86.Build.0 = Release|Win32
		{5B355CCB-7F88-406E-8BF6-B88ED6622CB1}.Debug|x64.ActiveCfg = Debug|x64
		{5B355CCB-7F88-406E-8BF6-B88ED6622CB1}.Debug|x64.Build.0 = Debug|x64
		{5B355CCB-7F88-406E-8BF6-B88ED6622CB1}.Debug|x86.ActiveCfg = Debug|Win32
		{5B355CCB-7F88-406E-8BF6-B88ED6622CB1}.Debug|x86.Build.0 = Debug|Win32
		{5B355CCB-7F88-406E-8BF6-B88ED6622CB1}.Release|x64.ActiveCfg = Release|x64
		{5B355CCB-7F88-406E-8BF6-B88ED6622CB1}.Release|x64.Build.0 = Release|x64
		{5B355CCB-7F88-406E-8BF6-B88ED6622CB1}.Release|x86.ActiveCfg = Release|Win32
		{5B355CCB-7F88-406E-8BF6-B88ED6622CB1}.Release|x86.Build.0 = Release|Win32
		{4BFD970C-F26D-43E9-9231-C442EED84629}.Debug|x64.ActiveCfg = Debug|x64
		{4BFD970C-F26D-43E9-9231-C442EED84629}.Debug|x64.Build.0 = Debug|x64
		{4BFD970C-F26D-43E9-9231-C442EED84629}.Debug|x86.ActiveCfg = Debug|Win32
		{4BFD970C-F26D-43E9-9231-C442EED84629}.Debug|x86.Build.0 = Debug|Win32
		{4BFD970C-F26D-43E9-9231-C442EED84629}.Release|x64.ActiveCfg = Release|x64
		{4BFD970C-F26D-43E9-9231-C442EED84629}.Release|x64.Build.0 = Release|x64
		{4BFD970C-F26D-43E9-9231-C442EED84629}.Release|x86.ActiveCfg = Release|Win32
		{4BFD970C-F26D-43E9-9231-C442EED84629}.Release|x86.Build.0 = Release|Win32
		{10EB120F-61F5-47B9-AC24-B1BCBBB5C7C6}.Debug|x64.ActiveCfg = Debug|x64
		{10EB120F-61F5-47B9-AC24-B1BCBBB5C7C6}.Debug|x64.Build.0 = Debug|x64
		{10EB120F-61F5-47B9-AC24-B1BCBBB5C7C6}.Debug|x86.ActiveCfg = Debug|Win32
		{10EB120F-61F5-47B9-AC24-B1BCBBB5C7C6}.Debug|x86.Build.0 = Debug|Win32
		{10EB120F-61F5-47B9-AC24-B1BCBBB5C7C6}.Release|x64.ActiveCfg = Release|x64
		{10EB120F-61F5-47B9-AC24-B1BCBBB5C7C6}.Release|x64.Build.0 = Release|x64
		{10EB120F-61F5-47B9-AC24-B1BCBBB5C7C6}.Release|x86.ActiveCfg = Release|Win32
		{10EB120F-61F5-47B9-AC24-B1BCBBB5C7C6}.Release|x86.Build.0 = Release|Win32
		{642E1C34-DA0B-4E39-BCED-077E4868EE4E}.Debug|x64.ActiveCfg = Debug|x64
		{642E1C34-DA0B-4E39-BCED-077E4868EE4E}.Debug|x64.Build.0 = Debug|x64
		{642E1C34-DA0B-4E39-BCED-077E4868EE4E}.Debug|x86.ActiveCfg = Debug|Win32
		{642E1C34-DA0B-4E39-BCED-077E4868EE4E}.Debug|x86.Build.0 = Debug|Win32
		{642E1C34-DA0B-4E39-BCED-077E4868EE4E}.Release|x64.ActiveCfg = Release|x64
		{642E1C34-DA0B-4E39-BCED-077E4868EE4E}.Release|x64.Build.0 = Release|x64
		{642E1C34-DA0B-4E39-BCED-077E4868EE4E}.Release|x86.ActiveCfg = Release|Win32
		{642E1C34-DA0B-4E39-BCED-077E4868EE4E}.Release|x86.Build.0 = Release|Win32
		{24666558-8ED5-47CF-89D5-02EBF97FD167}.Debug|x64.ActiveCfg = Debug|x64
		{24666558-8ED5-47CF-89D5-02EBF97FD167}.Debug|x64.Build.0 = Debug|x64
		{24666558-8ED5-47CF-89D5-02EBF97FD167}.Debug|x86.ActiveCfg = Debug|Win32
		{24666558-8ED5-47CF-89D5-02EBF97FD167}.Debug|x86.Build.0 = Debug|Win32
		{24666558-8ED5-47CF-89D5-02EBF97FD167}.Release|x64.ActiveCfg = Release|x64
		{24666558-8ED5-47CF-89D5-02EBF97FD167}.Release|x64.Build.0 = Release|x64
		{24666558-8ED5-47CF-89D5-02EBF97FD167}.Release|x86.ActiveCfg = Release|Win32
		{24666558-8ED5-47CF-89D5-02EBF97FD167}.Release|x86.Build.0 = Release|Win32
		{D63B4440-9FD5-47C0-ADF9-2B41379660A0}.Debug|x64.ActiveCfg = Debug|x64
		{D63B4440-9FD5-47C0-ADF9-2B41379660A0}.Debug|x64.Build.0 = Debug|x64
		{D63B4440-9FD5-47C0-ADF9-2B41379660A0}.Debug|x86.ActiveCfg = Debug|Win32
		{D63B4440-9FD5-47C0-ADF9-2B41379660A0}.Debug|x86.Build.0 = Debug|Win32
		{D63B4440-9FD5-47C0-ADF9-2B41379660A0}.Release|x64.ActiveCfg = Release|x64
		{D63B4440-9FD5-47C0-ADF9-2B41379660A0}.Release|x64.Build.0 = Release|x64
		{D63B4440-9FD5-47C0-ADF9-2B41379660A0}.Release|x86.ActiveCfg = Release|Win32
		{D63B4440-9FD5-47C0-ADF9-2B41379660A0}.Release|x86.Build.0 = Release|Win32
		{06A2FF23-EA47-4A86-85C2-D5B59013E530}.Debug|x64.ActiveCfg = Debug|x64
		{06A2FF23-EA47-4A86-85C2-D5B59013E530}.Debug|x64.Build.0 = Debug|x64
		{06A2FF23-EA47-4A86-85C2-D5B59013E530}.Debug|x86.ActiveCfg = Debug|Win32
		{06A2FF23-EA47-4A86-85C2-D5B59013E530}.Debug|x86.Build.0 = Debug|Win32
		{06A2FF23-EA47-4A86-85C2-D5B59013E530}.Release|x64.ActiveCfg = Release|x64
		{06A2FF23-EA47-4A86-85C2-D5B59013E530}.Release|x64.Build.0 = Release|x64
		{06A2FF23-EA47-4A86-85C2-D5B59013E530}.Release|x86.ActiveCfg = Release|Win32
		{06A2FF23-EA47-4A86-85C2-D5B59013E530}.Release|x86.Build.0 = Release|Win32
		{3124B14B-AD2F-48C8-874E-81F1C45D088E}.Debug|x64.ActiveCfg = Debug|x64
		{3124B14B-AD2F-48C8-874E-81F1C45D088E}.Debug|x64.Build.0 = Debug|x64
		{3124B14B-AD2F-48C8-874E-81F1C45D088E}.Debug|x86.ActiveCfg = Debug|Win32
		{3124B14B-AD2F-48C8-874E-81F1C45D088E}.Debug|x86.Build.0 = Debug|Win32
		{3124B14B-AD2F-48C8-874E-81F1C45D088E}.Release|x64.ActiveCfg = Release|x64
		{3124B14B-AD2F-48C8-874E-81F1C45D088E}.Release|x64.Build.0 = Release|x64
		{3124B14B-AD2F-48C8-874E-81F1C45D088E}.Release|x86.ActiveCfg = Release|Win32
		{3124B14B-AD2F-48C8-874E-81F1C45D088E}.Release|x86.Build.0 = Release|Win32
		{83958520-DC09-450D-AA09-E5CB59C01FD7}.Debug|x64.ActiveCfg = Debug|x64
		{83958520-DC09-450D-AA09-E5CB59C01FD7}.Debug|x64.Build.0 = Debug|x64
		{83958520-DC09-450D-AA09-E5CB59C01FD7}.Debug|x86.ActiveCfg = Debug|Win32
		{83958520-DC09-450D-AA09-E5CB59C01FD7}.Debug|x86.Build.0 = Debug|Win32
		{83958520-DC09-450D-AA09-E5CB59C01FD7}.Release|x64.ActiveCfg = Release|x64
		{83958520-DC09-450D-AA09-E5CB59C01FD7}.Release|x64.Build.0 = Release|x64
		{83958520-DC09-450D-AA09-E5CB59C01FD7}.Release|x86.ActiveCfg = Release|Win32
		{83958520-DC09-450D-AA09-E5CB59C01FD7}.Release|x86.Build.0 = Release|Win32
		{EE064A66-7C31-46FD-BB87-F800609EE049}.Debug|x64.ActiveCfg = Debug|x64
		{EE064A66-7C31-46FD-BB87-F800609EE049}.Debug|x64.Build.0 = Debug|x64
		{EE064A66-7C31-46FD-BB87-F800609EE049}.Debug|x86.ActiveCfg = Debug|Win32
		{EE064A66-7C31-46FD-BB87-F800609EE049}.Debug|x86.Build.0 = Debug|Win32
		{EE064A66-7C31-46FD-BB87-F800609EE049}.Release|x64.ActiveCfg = Release|x64
		{EE064A66-7C31-46FD-BB87-F800609EE049}.Release|x64.Build.0 = Release|x64
		{EE064A66-7C31-46FD-BB87-F800609EE049}.Release|x86.ActiveCfg = Release|Win32
		{EE064A66-7C31-46FD-BB87-F800609EE049}.Release|x86.Build.0 = Release|Win32
		{BC3D09C7-745C-49EB-B913-46C76A3F21ED}.Debug|x64.ActiveCfg = Debug|x64
		{BC3D09C7-745C-49EB-B913-46C76A3F21ED}.Debug|x64.Build.0 = Debug|x64
		{BC3D09C7-745C-49EB-B913-46C76A3F21ED}.Debug|x86.ActiveCfg = Debug|Win32
		{BC3D09C7-745C-49EB-B913-46C76A3F21ED}.Debug|x86.Build.0 = Debug|Win32
		{BC3D09C7-745C-49EB-B913-46C76A3F21ED}.Release|x64.ActiveCfg = Release|x64
		{BC3D09C7-745C-49EB-B913-46C76A3F21ED}.Release|x64.Build.0 = Release|x64
		{BC3D09C7-745C-49EB-B913-46C76A3F21ED}.Release|x86.ActiveCfg = Release|Win32
		{BC3D09C7-745C-49EB-B913-46C76A3F21ED}.Release|x86.Build.0 = Release|Win32
		{3E375F1F-AC2F-49F4-9C46-660A4563E8A2}.Debug|x64.ActiveCfg = Debug|x64
		{3E375F1F-AC2F-49F4-9C46-660A4563E8A2}.Debug|x64.Build.0 = Debug|x64
		{3E375F1F-AC2F-49F4-9C46-660A4563E8A2}.Debug|x86.ActiveCfg = Debug|Win32
		{3E375F1F-AC2F-49F4-9C46-660A4563E8A2}.Debug|x86.Build.0 = Debug|Win32
		{3E375F1F-AC2F-49F4-9C46-660A4563E8A2}.Release|x64.ActiveCfg = Release|x64
		{3E375F1F-AC2F-49F4-9C46-660A4563E8A2}.Release|x64.Build.0 = Release|x64
		{3E375F1F-AC2F-49F4-9C46-660A4563E8A2}.Release|x86.ActiveCfg = Release|Win32
		{3E375F1F-AC2F-49F4-9C46-660A4563E8A2}.Release|x86.Build.0 = Release|Win32
		{A8CD71B8-36E8-46AE-BA1F-2BCA2B5F7CB9}.Debug|x64.ActiveCfg = Debug|x64
		{A8CD71B8-36E8-46AE-BA1F-2BCA2B5F7CB9}.Debug|x64.Build.0 = Debug|x64
		{A8CD71B8-36E8-46AE-BA1F-2BCA2B5F7CB9}.Debug|x86.ActiveCfg = Debug|Win32
		{A8CD71B8-36E8-46AE-BA1F-2BCA2B5F7CB9}.Debug|x86.Build.0 = Debug|Win32
		{A8CD71B8-36E8-46AE-BA1F-2BCA2B5F7CB9}.Release|x64.ActiveCfg = Release|x64
		{A8CD71B8-36E8-46AE-BA1F-2BCA2B5F7CB9}.Release|x64.Build.0 = Release|x64
		{A8CD71B8-36E8-46AE-BA1F-2BCA2B5F7CB9}.Release|x86.ActiveCfg = Release|Win32
		{A8CD71B8-36E8-46AE-BA1F-2BCA2B5F7CB9}.Release|x86.Build.0 = Release|Win32
		{8BB4F09F-CDDF-406B-A00B-06FD02EDB6E9}.Debug|x64.ActiveCfg = Debug|x64
		{8BB4F09F-CDDF-406B-A00B-06FD02EDB6E9}.Debug|x64.Build.0 = Debug|x64
		{8BB4F09F-CDDF-406B-A00B-06FD02EDB6E9}.Debug|x86.ActiveCfg = Debug|Win32
		{8BB4F09F-CDDF-406B-A00B-06FD02EDB6E9}.Debug|x86.Build.0 = Debug|Win32
		{8BB4F09F-CDDF-406B-A00B-06FD02EDB6E9}.Release|x64.ActiveCfg = Release|x64
		{8BB4F09F-CDDF-406B-A00B-06FD02EDB6E9}.Release|x64.Build.0 = Release|x64
		{8BB4F09F-CDDF-406B-A00B-06FD02EDB6E9}.Release|x86.ActiveCfg = Release|Win32
		{8BB4F09F-CDDF-406B-A00B-06FD02EDB6E9}.Release|x86.Build.0 = Release|Win32
		{D2ACE557-D797-490B-8EB5-216C03601B23}.Debug|x64.ActiveCfg = Debug|x64
		{D2ACE557-D797-490B-8EB5-216C03601B23}.Debug|x64.Build.0 = Debug|x64
		{D2ACE557-D797-490B-8EB5-216C03601B23}.Debug|x86.ActiveCfg = Debug|Win32
		{D2ACE557-D797-490B-8EB5-216C03601B23}.Debug|x86.Build.0 = Debug|Win32
		{D2ACE557-D797-490B-8EB5-216C03601B23}.Release|x64.ActiveCfg = Release|x64
		{D2ACE557-D797-490B-8EB5-216C03601B23}.Release|x64.Build.0 = Release|x64
		{D2ACE557-D797-490B-8EB5-216C03601B23}.Release|x86.ActiveCfg = Release|Win32
		{D2ACE557-D797-490B-8EB5-216C03601B23}.Release|x86.Build.0 = Release|Win32
		{E0FDAA35-B0DE-4892-A749-382363AB3E55}.Debug|x64.ActiveCfg = Debug|x64
		{E0FDAA35-B0DE-4892-A749-382363AB3E55}.Debug|x64.Build.0 = Debug|x64
		{E0FDAA35-B0DE-4892-A749-382363AB3E55}.Debug|x86.ActiveCfg = Debug|Win32
		{E0FDAA35-B0DE-4892-A749-382363AB3E55}.Debug|x86.Build.0 = Debug|Win32
		{E0FDAA35-B0DE-4892-A749-382363AB3E55}.Release|x64.ActiveCfg = Release|x64
		{E0FDAA35-B0DE-4892-A749-382363AB3E55}.Release|x64.Build.0 = Release|x64
		{E0FDAA35-B0DE-4892-A749-382363AB3E55}.Release|x86.ActiveCfg = Release|Win32
		{E0FDAA35-B0DE-4892-A749-382363AB3E55}.Release|x86.Build.0 = Release|Win32
		{5515A8E6-14B0-47CA-84F9-43C193A82A64}.Debug|x64.ActiveCfg = Debug|x64
		{5515A8E6-14B0-47CA-84F9-43C193A82A64}.Debug|x64.Build.0 = Debug|x64
		{5515A8E6-14B0-47CA-84F9-43C193A82A64}.Debug|x86.ActiveCfg = Debug|Win32
		{5515A8E6-14B0-47CA-84F9-43C193A82A64}.Debug|x86.Build.0 = Debug|Win32
		{5515A8E6-14B0-47CA-84F9-43C193A82A64}.Release|x64.ActiveCfg = Release|x64
		{5515A8E6-14B0-47CA-84F9-43C193A82A64}.Release|x64.Build.0 = Release|x64
		{5515A8E6-14B0-47CA-84F9-43C193A82A64}.Release|x86.ActiveCfg = Release|Win32
		{5515A8E6-14B0-47CA-84F9-43C193A82A64}.Release|x86.Build.0 = Release|Win32
		{B279E036-54CA-48AC-AC1C-D3ABCA8F87C1}.Debug|x64.ActiveCfg = Debug|x64
		{B279E036-54CA-48AC-AC1C-D3ABCA8F87C1}.Debug|x64.Build.0 = Debug|x64
		{B279E036-54CA-48AC-AC1C-D3ABCA8F87C1}.Debug|x86.ActiveCfg = Debug|Win32
		{B279E036-54CA-48AC-AC1C-D3ABCA8F87C1}.Debug|x86.Build.0 = Debug|Win32
		{B279E036-54CA-48AC-AC1C-D3ABCA8F87C1}.Release|x64.ActiveCfg = Release|x64
		{B279E036-54CA-48AC-AC1C-D3ABCA8F87C1}.Release|x64.Build.0 = Release|x64
		{B279E036-54CA-48AC-AC1C-D3ABCA8F87C1}.Release|x86.ActiveCfg = Release|Win32
		{B279E036-54CA-48AC-AC1C-D3ABCA8F87C1}.Release|x86.Build.0 = Release|Win32
		{984202F0-1C31-4CC4-ABBE-119BC0A68F17}.Debug|x64.ActiveCfg = Debug|x64
		{984202F0-1C31-4CC4-ABBE-119BC0A68F17}.Debug|x64.Build.0 = Debug|x64
		{984202F0-1C31-4CC4-ABBE-119BC0A68F17}.Debug|x86.ActiveCfg = Debug|Win32
		{984202F0-1C31-4CC4-ABBE-119BC0A68F17}.Debug|x86.Build.0 = Debug|Win32
		{984202F0-1C31-4CC4-ABBE-119BC0A68F17}.Release|x64.ActiveCfg = Release|x64
		{984202F0-1C31-4CC4-ABBE-119BC0A68F17}.Release|x64.Build.0 = Release|x64
		{984202F0-1C31-4CC4-ABBE-119BC0A68F17}.Release|x86.ActiveCfg = Release|Win32
		{984202F0-1C31-4CC4-ABBE-119BC0A68F17}.Release|x86.Build.0 = Release|Win32
		{6E18AB41-0516-44D7-86DC-235C6082F4AF}.Debug|x64.ActiveCfg = Debug|x64
		{6E18AB41-0516-44D7-86DC-235C6082F4AF}.Debug|x64.Build.0 = Debug|x64
		{6E18AB41-0516-44D7-86DC-235C6082F4AF}.Debug|x86.ActiveCfg = Debug|Win32
		{6E18AB41-0516-44D7-86DC-235C6082F4AF}.Debug|x86.Build.0 = Debug|Win32
		{6E18AB41-0516-44D7-86DC-235C6082F4AF}.Release|x64.ActiveCfg = Release|x64
		{6E18AB41-0516-44D7-86DC-235C6082F4AF}.Release|x64.Build.0 = Release|x64
		{6E18AB41-0516-44D7-86DC-235C6082F4AF}.Release|x86.ActiveCfg = Release|Win32
		{6E18AB41-0516-44D7-86DC-235C6082F4AF}.Release|x86.Build.0 = Release|Win32
		{F6870310-439E-47FC-9D07-288203826AE6}.Debug|x64.ActiveCfg = Debug|x64
		{F6870310-439E-47FC-9D07-288203826AE6}.Debug|x64.Build.0 = Debug|x64
		{F6870310-439E-47FC-9D07-288203826AE6}.Debug|x86.ActiveCfg = Debug|Win32
		{F6870310-439E-47FC-9D07-288203826AE6}.Debug|x86.Build.0 = Debug|Win32
		{F6870310-439E-47FC-9D07-288203826AE6}.Release|x64.ActiveCfg = Release|x64
		{F6870310-439E-47FC-9D07-288203826AE6}.Release|x64.Build.0 = Release|x64
		{F6870310-439E-47FC-9D07-288203826AE6}.Release|x86.ActiveCfg = Release|Win32
		{F6870310-439E-47FC-9D07-288203826AE6}.Release|x86.Build.0 = Release|Win32
		{A5203F35-BAA2-4AB4-A538-931CABC98D4B}.Debug|x64.ActiveCfg = Debug|x64
		{A5203F35-BAA2-4AB4-A538-931CABC98D4B}.Debug|x64.Build.0 = Debug|x64
		{A5203F35-BAA2-4AB4-A538-931CABC98D4B}.Debug|x86.ActiveCfg = Debug|Win32
		{A5203F35-BAA2-4AB4-A538-931CABC98D4B}.Debug|x86.Build.0 = Debug|Win32
		{A5203F35-BAA2-4AB4-A538-931CABC98D4B}.Release|x64.ActiveCfg = Release|x64
		{A5203F35-BAA2-4AB4-A538-931CABC98D4B}.Release|x64.Build.0 = Release|x64
		{A5203F35-BAA2-4AB4-A538-931CABC98D4B}.Release|x86.ActiveCfg = Release|Win32
		{A5203F35-BAA2-4AB4-A538-931CABC98D4B}.Release|x86.Build.0 = Release|Win32
		{7DB5F6EA-F1A2-4497-927C-C048B885157B}.Debug|x64.ActiveCfg = Debug|x64
		{7DB5F6EA-F1A2-4497-927C-C048B885157B}.Debug|x64.Build.0 = Debug|x64
		{7DB5F6EA-F1A2-4497-927C-C048B885157B}.Debug|x86.ActiveCfg = Debug|Win32
		{7DB5F6EA-F1A2-4497-927C-C048B885157B}.Debug|x86.Build.0 = Debug|Win32
		{7DB5F6EA-F1A2-4497-927C-C048B885157B}.Release|x64.ActiveCfg = Release|x64
		{7DB5F6EA-F1A2-4497-927C-C048B885157B}.Release|x64.Build.0 = Release|x64
		{7DB5F6EA-F1A2-4497-927C-C048B885157B}.Release|x86.ActiveCfg = Release|Win32
		{7DB5F6EA-F1A2-4497-927C-C048B885157B}.Release|x86.Build.0 = Release|Win32
		{1421AE3A-4E77-4842-A4AB-D2569EFA3978}.Debug|x64.ActiveCfg = Debug|x64
		{1421AE3A-4E77-4842-A4AB-D2569EFA3978}.Debug|x64.Build.0 = Debug|x64
		{1421AE3A-4E77-4842-A4AB-D2569EFA3978}.Debug|x86.ActiveCfg = Debug|Win32
		{1421AE3A-4E77-4842-A4AB-D2569EFA3978}.Debug|x86.Build.0 = Debug|Win32
		{1421AE3A-4E77-4842-A4AB-D2569EFA3978}.Release|x64.ActiveCfg = Release|x64
		{1421AE3A-4E77-4842-A4AB-D2569EFA3978}.Release|x64.Build.0 = Release|x64
		{1421AE3A-4E77-4842-A4AB-D2569EFA3978}.Release|x86.ActiveCfg = Release|Win32
		{1421AE3A-4E77-4842-A4AB-D2569EFA3978}.Release|x86.Build.0 = Release|Win32
		{00BFA17F-D311-4028-83C8-30C79542223F}.Debug|x64.ActiveCfg = Debug|x64
		{00BFA17F-D311-4028-83C8-30C79542223F}.Debug|x64.Build.0 = Debug|x64
		{00BFA17F-D311-4028-83C8-30C79542223F}.Debug|x86.ActiveCfg = Debug|Win32
		{00BFA17F-D311-4028-83C8-30C79542223F}.Debug|x86.Build.0 = Debug|Win32
		{00BFA17F-D311-4028-83C8-30C79542223F}.Release|x64.ActiveCfg = Release|x64
		{00BFA17F-D311-4028-83C8-30C79542223F}.Release|x64.Build.0 = Release|x64
		{00BFA17F-D311-4028-83C8-30C79542223F}.Release|x86.ActiveCfg = Release|Win32
		{00BFA17F-D311-4028-83C8-30C79542223F}.Release|x86.Build.0 = Release|Win32
		{E2F34746-E708-415C-957A-5CDCEF8FA214}.Debug|x64.ActiveCfg = Debug|x64
		{E2F34746-E708-415C-957A-5CDCEF8FA214}.Debug|x64.Build.0 = Debug|x64
		{E2F34746-E708-415C-957A-5CDCEF8FA214}.Debug|x86.ActiveCfg = Debug|Win32
		{E2F34746-E708-415C-957A-5CDCEF8FA214}.Debug|x86.Build.0 = Debug|Win32
		{E2F34746-E708-415C-957A-5CDCEF8FA214}.Release|x64.ActiveCfg = Release|x64
		{E2F34746-E708-415C-957A-5CDCEF8FA214}.Release|x64.Build.0 = Release|x64
		{E2F34746-E708-415C-957A-5CDCEF8FA214}.Release|x86.ActiveCfg = Release|Win32
		{E2F34746-E708-415C-957A-5CDCEF8FA214}.Release|x86.Build.0 = Release|Win32
		{84ED8AEB-A4BA-4B61-994F-1B7EAB8E272C}.Debug|x64.ActiveCfg = Debug|x64
		{84ED8AEB-A4BA-4B61-994F-1B7EAB8E272C}.Debug|x64.Build.0 = Debug|x64
		{84ED8AEB-A4BA-4B61-994F-1B7EAB8E272C}.Debug|x86.ActiveCfg = Debug|Win32
		{84ED8AEB-A4BA-4B61-994F-1B7EAB8E272C}.Debug|x86.Build.0 = Debug|Win32
		{84ED8AEB-A4BA-4B61-994F-1B7EAB8E272C}.Release|x64.ActiveCfg = Release|x64
		{84ED8AEB-A4BA-4B61-994F-1B7EAB8E272C}.Release|x64.Build.0 = Release|x64
		{84ED8AEB-A4BA-4B61-994F-1B7EAB8E272C}.Release|x86.ActiveCfg = Release|Win32
		{84ED8AEB-A4BA-4B61-994F-1B7EAB8E272C}.Release|x86.Build.0 = Release|Win32
		{10A5CC0D-0602-4A8B-902F-DA07FBB3D7D4}.Debug|x64.ActiveCfg = Debug|x64
		{10A5CC0D-0602-4A8B-902F-DA07FBB3D7D4}.Debug|x64.Build.0 = Debug|x64
		{10A5CC0D-0602-4A8B-902F-DA07FBB3D7D4}.Debug|x86.ActiveCfg = Debug|Win32
		{10A5CC0D-0602-4A8B-902F-DA07FBB3D7D4}.Debug|x86.Build.0 = Debug|Win32
		{10A5CC0D-0602-4A8B-902F-DA07FBB3D7D4}.Release|x64.ActiveCfg = Release|x64
		{10A5CC0D-0602-4A8B-902F-DA07FBB3D7D4}.Release|x64.Build.0 = Release|x64
		{10A5CC0D-0602-4A8B-902F-DA07FBB3D7D4}.Release|x86.ActiveCfg = Release|Win32
		{10A5CC0D-0602-4A8B-902F-DA07FBB3D7D4}.Release|x86.Build.0 = Release|Win32
		{6C194F58-6872-4E33-A7C8-F9BE09869EBC}.Debug|x64.ActiveCfg = Debug|x64
		{6C194F58-6872-4E33-A7C8-F9BE09869EBC}.Debug|x64.Build.0 = Debug|x64
		{6C194F58-6872-4E33-A7C8-F9BE09869EBC}.Debug|x86.ActiveCfg = Debug|Win32
		{6C194F58-6872-4E33-A7C8-F9BE09869EBC}.Debug|x86.Build.0 = Debug|Win32
		{6C194F58-6872-4E33-A7C8-F9BE09869EBC}.Release|x64.ActiveCfg = Release|x64
		{6C194F58-6872-4E33-A7C8-F9BE09869EBC}.Release|x64.Build.0 = Release|x64
		{6C194F58-6872-4E33-A7C8-F9BE09869EBC}.Release|x86.ActiveCfg = Release|Win32
		{6C194F58-6872-4E33-A7C8-F9BE09869EBC}.Release|x86.Build.0 = Release|Win32
		{693CECD4-80E3-4F7A-8188-E415D5A0F7F3}.Debug|x64.ActiveCfg = Debug|x64
		{693CECD4-80E3-4F7A-8188-E415D5A0F7F3}.Debug|x64.Build.0 = Debug|x64
		{693CECD4-80E3-4F7A-8188-E415D5A0F7F3}.Debug|x86.ActiveCfg = Debug|Win32
		{693CECD4-80E3-4F7A-8188-E415D5A0F7F3}.Debug|x86.Build.0 = Debug|Win32
		{693CECD4-80E3-4F7A-8188-E415D5A0F7F3}.Release|x64.ActiveCfg = Release|x64
		{693CECD4-80E3-4F7A-8188-E415D5A0F7F3}.Release|x64.Build.0 = Release|x64
		{693CECD4-80E3-4F7A-8188-E415D5A0F7F3}.Release|x86.ActiveCfg = Release|Win32
		{693CECD4-80E3-4F7A-8188-E415D5A0F7F3}.Release|x86.Build.0 = Release|Win32
		{88FC1166-1CB9-47F2-A730-E54171B80E39}.Debug|x64.ActiveCfg = Debug|x64
		{88FC1166-1CB9-47F2-A730-E54171B80E39}.Debug|x64.Build.0 = Debug|x64
		{88FC1166-1CB9-47F2-A730-E54171B80E39}.Debug|x86.ActiveCfg = Debug|Win32
		{88FC1166-1CB9-47F2-A730-E54171B80E39}.Debug|x86.Build.0 = Debug|Win32
		{88FC1166-1CB9-47F2-A730-E54171B80E39}.Release|x64.ActiveCfg = Release|x64
		{88FC1166-1CB9-47F2-A730-E54171B80E39}.Release|x64.Build.0 = Release|x64
		{88FC1166-1CB9-47F2-A730-E54171B80E39}.Release|x86.ActiveCfg = Release|Win32
		{88FC1166-1CB9-47F2-A730-E54171B80E39}.Release|x86.Build.0 = Release|Win32
		{629D84B3-A6B9-46F2-95F1-0962B7EC1E7E}.Debug|x64.ActiveCfg = Debug|x64
		{629D84B3-A6B9-46F2-95F1-0962B7EC1E7E}.Debug|x64.Build.0 = Debug|x64
		{629D84B3-A6B9-46F2-95F1-0962B7EC1E7E}.Debug|x86.ActiveCfg = Debug|Win32
		{629D84B3-A6B9-46F2-95F1-0962B7EC1E7E}.Debug|x86.Build.0 = Debug|Win32
		{629D84B3-A6B9-46F2-95F1-0962B7EC1E7E}.Release|x64.ActiveCfg = Release|x64
		{629D84B3-A6B9-46F2-95F1-0962B7EC1E7E}.Release|x64.Build.0 = Release|x64
		{629D84B3-A6B9-46F2-95F1-0962B7EC1E7E}.Release|x86.ActiveCfg = Release|Win32
		{629D84B3-A6B9-46F2-95F1-0962B7EC1E7E}.Release|x86.Build.0 = Release|Win32
		{0B5A5F62-6798-43C9-9CF9-28CC9781227F}.Debug|x64.ActiveCfg = Debug|x64
		{0B5A5F62-6798-43C9-9CF9-28CC9781227F}.Debug|x64.Build.0 = Debug|x64
		{0B5A5F62-6798-43C9-9CF9-28CC9781227F}.Debug|x86.ActiveCfg = Debug|Win32
		{0B5A5F62-6798-43C9-9CF9-28CC9781227F}.Debug|x86.Build.0 = Debug|Win32
		{0B5A5F62-6798-43C9-9CF9-28CC9781227F}.Release|x64.ActiveCfg = Release|x64
		{0B5A5F62-6798-43C9-9CF9-28CC9781227F}.Release|x64.Build.0 = Release|x64
		{0B5A5F62-6798-43C9-9CF9-28CC9781227F}.Release|x86.ActiveCfg = Release|Win32
		{0B5A5F62-6798-43C9-9CF9-28CC9781227F}.Release|x86.Build.0 = Release|Win32
		{ED6E0FCF-24DC-464C-9572-24C76618A024}.Debug|x64.ActiveCfg = Debug|x64
		{ED6E0FCF-24DC-464C-9572-24C76618A024}.Debug|x64.Build.0 = Debug|x64
		{ED6E0FCF-24DC-464C-9572-24C76618A024}.Debug|x86.ActiveCfg = Debug|Win32
		{ED6E0FCF-24DC-464C-9572-24C76618A024}.Debug|x86.Build.0 = Debug|Win32
		{ED6E0FCF-24DC-464C-9572-24C76618A024}.Release|x64.ActiveCfg = Release|x64
		{ED6E0FCF-24DC-464C-9572-24C76618A024}.Release|x64.Build.0 = Release|x64
		{ED6E0FCF-24DC-464C-9572-24C76618A024}.Release|x86.ActiveCfg = Release|Win32
		{ED6E0FCF-24DC-464C-9572-24C76618A024}.Release|x86.Build.0 = Release|Win32
		{51291E6C-5884-412A-AC9A-19FF37626B5A}.Debug|x64.ActiveCfg = Debug|x64
		{51291E6C-5884-412A-AC9A-19FF37626B5A}.Debug|x64.Build.0 = Debug|x64
		{51291E6C-5884-412A-AC9A-19FF37626B5A}.Debug|x86.ActiveCfg = Debug|Win32
		{51291E6C-5884-412A-AC9A-19FF37626B5A}.Debug|x86.Build.0 = Debug|Win32
		{51291E6C-5884-412A-AC9A-19FF37626B5A}.Release|x64.ActiveCfg = Release|x64
		{51291E6C-5884-412A-AC9A-19FF37626B5A}.Release|x64.Build.0 = Release|x64
		{51291E6C-5884-412A-AC9A-19FF37626B5A}.Release|x86.ActiveCfg = Release|Win32
		{51291E6C-5884-412A-AC9A-19FF37626B5A}.Release|x86.Build.0 = Release|Win32
		{F193B0FE-0008-40D6-9C81-0F29E47AF7EF}.Debug|x64.ActiveCfg = Debug|x64
		{F193B0FE-0008-40D6-9C81-0F29E47AF7EF}.Debug|x64.Build.0 = Debug|x64
		{F193B0FE-0008-40D6-9C81-0F29E47AF7EF}.Debug|x86.ActiveCfg = Debug|Win32
		{F193B0FE-0008-40D6-9C81-0F29E47AF7EF}.Debug|x86.Build.0 = Debug|Win32
		{F193B0FE-0008-40D6-9C81-0F29E47AF7EF}.Release|x64.ActiveCfg = Release|x64
		{F193B0FE-0008-40D6-9C81-0F29E47AF7EF}.Release|x64.Build.0 = Release|x64
		{F193B0FE-0008-40D6-9C81-0F29E47AF7EF}.Release|x86.ActiveCfg = Release|Win32
		{F193B0FE-0008-40D6-9C81-0F29E47AF7EF}.Release|x86.Build.0 = Release|Win32
		{A048F6AE-0DB8-4E40-96EE-D587C2DF3FF3}.Debug|x64.ActiveCfg = Debug|x64
		{A048F6AE-0DB8-4E40-96EE-D587C2DF3FF3}.Debug|x64.Build.0 = Debug|x64
		{A048F6AE-0DB8-4E40-96EE-D587C2DF3FF3}.Debug|x86.ActiveCfg = Debug|Win32
		{A048F6AE-0DB8-4E40-96EE-D587C2DF3FF3}.Debug|x86.Build.0 = Debug|Win32
		{A048F6AE-0DB8-4E40-96EE-D587C2DF3FF3}.Release|x64.ActiveCfg = Release|x64
		{A048F6AE-0DB8-4E40-96EE-D587C2DF3FF3}.Release|x64.Build.0 = Release|x64
		{A048F6AE-0DB8-4E40-96EE-D587C2DF3FF3}.Release|x86.ActiveCfg = Release|Win32
		{A048F6AE-0DB8-4E40-96EE-D587C2DF3FF3}.Release|x86.Build.0 = Release|Win32
		{1172AAE2-A12E-4267-813C-FB157ECC5986}.Debug|x64.ActiveCfg = Debug|x64
		{1172AAE2-A12E-4267-813C-FB157ECC5986}.Debug|x64.Build.0 = Debug|x64
		{1172AAE2-A12E-4267-813C-FB157ECC5986}.Debug|x86.ActiveCfg = Debug|Win32
		{1172AAE2-A12E-4267-813C-FB157ECC5986}.Debug|x86.Build.0 = Debug|Win32
		{1172AAE2-A12E-4267-813C-FB157ECC5986}.Release|x64.ActiveCfg = Release|x64
		{1172AAE2-A12E-4267-813C-FB157ECC5986}.Release|x64.Build.0 = Release|x64
		{1172AAE2-A12E-4267-813C-FB157ECC5986}.Release|x86.ActiveCfg = Release|Win32
		{1172AAE2-A12E-4267-813C-FB157ECC5986}.Release|x86.Build.0 = Release|Win32
		{8FF930E1-6D19-4906-B78A-CE2BAE43FF43}.Debug|x64.ActiveCfg = Debug|x64
		{8FF930E1-6D19-4906-B78A-CE2BAE43FF43}.Debug|x64.Build.0 = Debug|x64
		{8FF930E1-6D19-4906-B78A-CE2BAE43FF43}.Debug|x86.ActiveCfg = Debug|Win32
		{8FF930E1-6D19-4906-B78A-CE2BAE43FF43}.Debug|x86.Build.0 = Debug|Win32
		{8FF930E1-6D19-4906-B78A-CE2BAE43FF43}.Release|x64.ActiveCfg = Release|x64
		{8FF930E1-6D19-4906-B78A-CE2BAE43FF43}.Release|x64.Build.0 = Release|x64
		{8FF930E1-6D19-4906-B78A-CE2BAE43FF43}.Release|x86.ActiveCfg = Release|Win32
		{8FF930E1-6D19-4906-B78A-CE2BAE43FF43}.Release|x86.Build.0 = Release|Win32
		{67DC9180-1DE3-43A0-9037-948D6229EDD7}.Debug|x64.ActiveCfg = Debug|x64
		{67DC9180-1DE3-43A0-9037-948D6229EDD7}.Debug|x64.Build.0 = Debug|x64
		{67DC9180-1DE3-43A0-9037-948D6229EDD7}.Debug|x86.ActiveCfg = Debug|Win32
		{67DC9180-1DE3-43A0-9037-948D6229EDD7}.Debug|x86.Build.0 = Debug|Win32
		{67DC9180-1DE3-43A0-9037-948D6229EDD7}.Release|x64.ActiveCfg = Release|x64
		{67DC9180-1DE3-43A0-9037-948D6229EDD7}.Release|x64.Build.0 = Release|x64
		{67DC9180-1DE3-43A0-9037-948D6229EDD7}.Release|x86.ActiveCfg = Release|Win32
		{67DC9180-1DE3-43A0-9037-948D6229EDD7}.Release|x86.Build.0 = Release|Win32
		{26A50107-13A2-4870-946A-9CBD8B970907}.Debug|x64.ActiveCfg = Debug|x64
		{26A50107-13A2-4870-946A-9CBD8B970907}.Debug|x64.Build.0 = Debug|x64
		{26A50107-13A2-4870-946A-9CBD8B970907}.Debug|x86.ActiveCfg = Debug|Win32
		{26A50107-13A2-4870-946A-9CBD8B970907}.Debug|x86.Build.0 = Debug|Win32
		{26A50107-13A2-4870-946A-9CBD8B970907}.Release|x64.ActiveCfg = Release|x64
		{26A50107-13A2-4870-946A-9CBD8B970907}.Release|x64.Build.0 = Release|x64
		{26A50107-13A2-4870-946A-9CBD8B970907}.Release|x86.ActiveCfg = Release|Win32
		{26A50107-13A2-4870-946A-9CBD8B970907}.Release|x86.Build.0 = Release|Win32
		{43FA46E7-0514-4CBD-975B-ACB60AC7AD10}.Debug|x64.ActiveCfg = Debug|x64
		{43FA46E7-0514-4CBD-975B-ACB60AC7AD10}.Debug|x64.Build.0 = Debug|x64
		{43FA46E7-0514-4CBD-975B-ACB60AC7AD10}.Debug|x86.ActiveCfg = Debug|Win32
		{43FA46E7-0514-4CBD-975B-ACB60AC7AD10}.Debug|x86.Build.0 = Debug|Win32
		{43FA46E7-0514-4CBD-975B-ACB60AC7AD10}.Release|x64.ActiveCfg = Release|x64
		{43FA46E7-0514-4CBD-975B-ACB60AC7AD10}.Release|x64.Build.0 = Release|x64
		{43FA46E7-0514-4CBD-975B-ACB60AC7AD10}.Release|x86.ActiveCfg = Release|Win32
		{43FA46E7-0514-4CBD-975B-ACB60AC7AD10}.Release|x86.Build.0 = Release|Win32
		{5036EEAB-0422-4977-B2CE-9B57767C1174}.Debug|x64.ActiveCfg = Debug|x64
		{5036EEAB-0422-4977-B2CE-9B57767C1174}.Debug|x64.Build.0 = Debug|x64
		{5036EEAB-0422-4977-B2CE-9B57767C1174}.Debug|x86.ActiveCfg = Debug|Win32
		{5036EEAB-0422-4977-B2CE-9B57767C1174}.Debug|x86.Build.0 = Debug|Win32
		{5036EEAB-0422-4977-B2CE-9B57767C1174}.Release|x64.ActiveCfg = Release|x64
		{5036EEAB-0422-4977-B2CE-9B57767C1174}.Release|x64.Build.0 = Release|x64
		{5036EEAB-0422-4977-B2CE-9B57767C1174}.Release|x86.ActiveCfg = Release|Win32
		{5036EEAB-0422-4977-B2CE-9B57767C1174}.Release|x86.Build.0 = Release|Win32
		{D26CADD4-0BF5-4F94-AA13-2F31F3DC6C09}.Debug|x64.ActiveCfg = Debug|x64
		{D26CADD4-0BF5-4F94-AA13-2F31F3DC6C09}.Debug|x64.Build.0 = Debug|x64
		{D26CADD4-0BF5-4F94-AA13-2F31F3DC6C09}.Debug|x86.ActiveCfg = Debug|Win32
		{D26CADD4-0BF5-4F94-AA13-2F31F3DC6C09}.Debug|x86.Build.0 = Debug|Win32
		{D26CADD4-0BF5-4F94-AA13-2F31F3DC6C09}.Release|x64.ActiveCfg = Release|x64
		{D26CADD4-0BF5-4F94-AA13-2F31F3DC6C09}.Release|x64.Build.0 = Release|x64
		{D26CADD4-0BF5-4F94-AA13-2F31F3DC6C09}.Release|x86.ActiveCfg = Release|Win32
		{D26CADD4-0BF5-4F94-AA13-2F31F3DC6C09}.Release|x86.Build.0 = Release|Win32
		{EC09816F-DB44-47F3-ABC1-7652A1DB67D2}.Debug|x64.ActiveCfg = Debug|x64
		{EC09816F-DB44-47F3-ABC1-7652A1DB67D2}.Debug|x64.Build.0 = Debug|x64
		{EC09816F-DB44-47F3-ABC1-7652A1DB67D2}.Debug|x86.ActiveCfg = Debug|Win32
		{EC09816F-DB44-47F3-ABC1-7652A1DB67D2}.Debug|x86.Build.0 = Debug|Win32
		{EC09816F-DB44-47F3-ABC1-7652A1DB67D2}.Release|x64.ActiveCfg = Release|x64
		{EC09816F-DB44-47F3-ABC1-7652A1DB67D2}.Release|x64.Build.0 = Release|x64
		{EC09816F-DB44-47F3-ABC1-7652A1DB67D2}.Release|x86.ActiveCfg = Release|Win32
		{EC09816F-DB44-47F3-ABC1-7652A1DB67D2}.Release|x86.Build.0 = Release|Win32
		{80632752-53ED-455F-9574-B5AF099B1057}.Debug|x64.ActiveCfg = Debug|x64
		{80632752-53ED-455F-9574-B5AF099B1057}.Debug|x64.Build.0 = Debug|x64
		{80632752-53ED-455F-9574-B5AF099B1057}.Debug|x86.ActiveCfg = Debug|Win32
		{80632752-53ED-455F-9574-B5AF099B1057}.Debug|x86.Build.0 = Debug|Win32
		{80632752-53ED-455F-9574-B5AF099B1057}.Release|x64.ActiveCfg = Release|x64
		{80632752-53ED-455F-9574-B5AF099B1057}.Release|x64.Build.0 = Release|x64
		{80632752-53ED-455F-9574-B5AF099B1057}.Release|x86.ActiveCfg = Release|Win32
		{80632752-53ED-455F-9574-B5AF099B1057}.Release|x86.Build.0 = Release|Win32
		{1659CD0D-23BC-4670-80E1-603FA324E387}.Debug|x64.ActiveCfg = Debug|x64
		{1659CD0D-23BC-4670-80E1-603FA324E387}.Debug|x64.Build.0 = Debug|x64
		{1659CD0D-23BC-4670-80E1-603FA324E387}.Debug|x86.ActiveCfg = Debug|Win32
		{1659CD0D-23BC-4670-80E1-603FA324E387}.Debug|x86.Build.0 = Debug|Win32
		{1659CD0D-23BC-4670-80E1-603FA324E387}.Release|x64.ActiveCfg = Release|x64
		{1659CD0D-23BC-4670-80E1-603FA324E387}.Release|x64.Build.0 = Release|x64
		{1659CD0D-23BC-4670-80E1-603FA324E387}.Release|x86.ActiveCfg = Release|Win32
		{1659CD0D-23BC-4670-80E1-603FA324E387}.Release|x86.Build.0 = Release|Win32
		{77956429-F82C-4685-950A-D8838C1968A8}.Debug|x64.ActiveCfg = Debug|x64
		{77956429-F82C-4685-950A-D8838C1968A8}.Debug|x64.Build.0 = Debug|x64
		{77956429-F82C-4685-950A-D8838C1968A8}.Debug|x86.ActiveCfg = Debug|Win32
		{77956429-F82C-4685-950A-D8838C1968A8}.Debug|x86.Build.0 = Debug|Win32
		{77956429-F82C-4685-950A-D8838C1968A8}.Release|x64.ActiveCfg = Release|x64
		{77956429-F82C-4685-950A-D8838C1968A8}.Release|x64.Build.0 = Release|x64
		{77956429-F82C-4685-950A-D8838C1968A8}.Release|x86.ActiveCfg = Release|Win32
		{77956429-F82C-4685-950A-D8838C1968A8}.Release|x86.Build.0 = Release|Win32
		{8A04B8F0-6DFA-4EFE-87E2-D5F4B079C603}.Debug|x64.ActiveCfg = Debug|x64
		{8A04B8F0-6DFA-4EFE-87E2-D5F4B079C603}.Debug|x64.Build.0 = Debug|x64
		{8A04B8F0-6DFA-4EFE-87E2-D5F4B079C603}.Debug|x86.ActiveCfg = Debug|Win32
		{8A04B8F0-6DFA-4EFE-87E2-D5F4B079C603}.Debug|x86.Build.0 = Debug|Win32
		{8A04B8F0-6DFA-4EFE-87E2-D5F4B079C603}.Release|x64.ActiveCfg = Release|x64
		{8A04B8F0-6DFA-4EFE-87E2-D5F4B079C603}.Release|x64.Build.0 = Release|x64
		{8A04B8F0-6DFA-4EFE-87E2-D5F4B079C603}.Release|x86.ActiveCfg = Release|Win32
		{8A04B8F0-6DFA-4EFE-87E2-D5F4B079C603}.Release|x86.Build.0 = Release|Win32
		{FCAEDF50-D3A8-4FF5-8572-C04FB9C16B17}.Debug|x64.ActiveCfg = Debug|x64
		{FCAEDF50-D3A8-4FF5-8572-C04FB9C16B17}.Debug|x64.Build.0 = Debug|x64
		{FCAEDF50-D3A8-4FF5-8572-C04FB9C16B17}.Debug|x86.ActiveCfg = Debug|Win32
		{FCAEDF50-D3A8-4FF5-8572-C04FB9C16B17}.Debug|x86.Build.0 = Debug|Win32
		{FCAEDF50-D3A8-4FF5-8572-C04FB9C16B17}.Release|x64.ActiveCfg = Release|x64
		{FCAEDF50-D3A8-4FF5-8572-C04FB9C16B17}.Release|x64.Build.0 = Release|x64
		{FCAEDF50-D3A8-4FF5-8572-C04FB9C16B17}.Release|x86.ActiveCfg = Release|Win32
		{FCAEDF50-D3A8-4FF5-8572-C04FB9C16B17}.Release|x86.Build.0 = Release|Win32
	EndGlobalSection
	GlobalSection(SolutionProperties) = preSolution
		HideSolutionNode = FALSE
	EndGlobalSection
	GlobalSection(ExtensibilityGlobals) = postSolution
		SolutionGuid = {8EEF255E-8069-4F3E-BF84-0DF136AB9AA0}
	EndGlobalSection
EndGlobal
